
Microsoft Visual Studio Solution File, Format Version 12.00
# Visual Studio Version 17
VisualStudioVersion = 17.6.33723.286
MinimumVisualStudioVersion = 10.0.40219.1
Project("{2150E333-8FDC-42A3-9474-1A3956D46DE8}") = "src", "src", "{3500F433-CA3B-4845-81EC-72B4E2EF9772}"
EndProject
Project("{2150E333-8FDC-42A3-9474-1A3956D46DE8}") = "tests", "tests", "{0B0EDEDB-6921-4986-A9FB-D83DF565C7DD}"
EndProject
Project("{2150E333-8FDC-42A3-9474-1A3956D46DE8}") = "API", "API", "{67E5DB6F-0F4B-4617-B23D-FD2328240432}"
EndProject
Project("{2150E333-8FDC-42A3-9474-1A3956D46DE8}") = "Core", "Core", "{280BFBA9-047C-4885-999E-A9DE18EDD802}"
EndProject
Project("{2150E333-8FDC-42A3-9474-1A3956D46DE8}") = "Infrastructure", "Infrastructure", "{476E129A-C1A1-4728-BF25-47BF6CFCFBE2}"
EndProject
Project("{2150E333-8FDC-42A3-9474-1A3956D46DE8}") = "UI", "UI", "{2BE8319D-4BFB-4AAF-A824-085A74095DD0}"
EndProject
Project("{FAE04EC0-301F-11D3-BF4B-00C04F79EFBC}") = "InventoryManagement.Domain", "InventoryManagement.Domain\InventoryManagement.Domain.csproj", "{C505C240-936C-4EB6-B123-BEC2EC83EF44}"
EndProject
Project("{FAE04EC0-301F-11D3-BF4B-00C04F79EFBC}") = "InventoryManagement.Application", "InventoryManagement.Application\InventoryManagement.Application.csproj", "{8A9E77CE-0DD8-4F6A-83F1-C4072919CC0C}"
EndProject
Global
	GlobalSection(SolutionConfigurationPlatforms) = preSolution
		Debug|Any CPU = Debug|Any CPU
		Release|Any CPU = Release|Any CPU
	EndGlobalSection
	GlobalSection(ProjectConfigurationPlatforms) = postSolution
		{C505C240-936C-4EB6-B123-BEC2EC83EF44}.Debug|Any CPU.ActiveCfg = Debug|Any CPU
		{C505C240-936C-4EB6-B123-BEC2EC83EF44}.Debug|Any CPU.Build.0 = Debug|Any CPU
		{C505C240-936C-4EB6-B123-BEC2EC83EF44}.Release|Any CPU.ActiveCfg = Release|Any CPU
		{C505C240-936C-4EB6-B123-BEC2EC83EF44}.Release|Any CPU.Build.0 = Release|Any CPU
		{8A9E77CE-0DD8-4F6A-83F1-C4072919CC0C}.Debug|Any CPU.ActiveCfg = Debug|Any CPU
		{8A9E77CE-0DD8-4F6A-83F1-C4072919CC0C}.Debug|Any CPU.Build.0 = Debug|Any CPU
		{8A9E77CE-0DD8-4F6A-83F1-C4072919CC0C}.Release|Any CPU.ActiveCfg = Release|Any CPU
		{8A9E77CE-0DD8-4F6A-83F1-C4072919CC0C}.Release|Any CPU.Build.0 = Release|Any CPU
	EndGlobalSection
	GlobalSection(SolutionProperties) = preSolution
		HideSolutionNode = FALSE
	EndGlobalSection
	GlobalSection(NestedProjects) = preSolution
		{67E5DB6F-0F4B-4617-B23D-FD2328240432} = {3500F433-CA3B-4845-81EC-72B4E2EF9772}
		{280BFBA9-047C-4885-999E-A9DE18EDD802} = {3500F433-CA3B-4845-81EC-72B4E2EF9772}
		{476E129A-C1A1-4728-BF25-47BF6CFCFBE2} = {3500F433-CA3B-4845-81EC-72B4E2EF9772}
		{2BE8319D-4BFB-4AAF-A824-085A74095DD0} = {3500F433-CA3B-4845-81EC-72B4E2EF9772}
		{C505C240-936C-4EB6-B123-BEC2EC83EF44} = {280BFBA9-047C-4885-999E-A9DE18EDD802}
		{8A9E77CE-0DD8-4F6A-83F1-C4072919CC0C} = {280BFBA9-047C-4885-999E-A9DE18EDD802}
	EndGlobalSection
	GlobalSection(ExtensibilityGlobals) = postSolution
		SolutionGuid = {FEFD7D6E-4F7D-4FA5-9FAB-908BBBB63907}
	EndGlobalSection
EndGlobal
